
Microsoft Visual Studio Solution File, Format Version 12.00
# Visual Studio 15
VisualStudioVersion = 15.0.26730.16
MinimumVisualStudioVersion = 10.0.40219.1
Project("{FAE04EC0-301F-11D3-BF4B-00C04F79EFBC}") = "MvcContactForm", "MvcContactForm\MvcContactForm.csproj", "{9E27A8BC-A8AC-49FD-9CE6-8AFC347AD930}"
EndProject
Global
	GlobalSection(SolutionConfigurationPlatforms) = preSolution
		Debug|Any CPU = Debug|Any CPU
		Release|Any CPU = Release|Any CPU
	EndGlobalSection
	GlobalSection(ProjectConfigurationPlatforms) = postSolution
		{9E27A8BC-A8AC-49FD-9CE6-8AFC347AD930}.Debug|Any CPU.ActiveCfg = Debug|Any CPU
		{9E27A8BC-A8AC-49FD-9CE6-8AFC347AD930}.Debug|Any CPU.Build.0 = Debug|Any CPU
		{9E27A8BC-A8AC-49FD-9CE6-8AFC347AD930}.Release|Any CPU.ActiveCfg = Release|Any CPU
		{9E27A8BC-A8AC-49FD-9CE6-8AFC347AD930}.Release|Any CPU.Build.0 = Release|Any CPU
	EndGlobalSection
	GlobalSection(SolutionProperties) = preSolution
		HideSolutionNode = FALSE
	EndGlobalSection
	GlobalSection(ExtensibilityGlobals) = postSolution
		SolutionGuid = {DE341E08-4286-4D51-9FAD-2C84065D8822}
	EndGlobalSection
EndGlobal
